// !$*UTF8*$!
{
	archiveVersion = 1;
	classes = {
	};
	objectVersion = 55;
	objects = {

/* Begin PBXBuildFile section */
		45435DFD274592EA009A0D34 /* LeaguesHorizontalController.swift in Sources */ = {isa = PBXBuildFile; fileRef = 45435DFC274592E9009A0D34 /* LeaguesHorizontalController.swift */; };
		45435DFF274594F3009A0D34 /* LeaguesGroupCell.swift in Sources */ = {isa = PBXBuildFile; fileRef = 45435DFE274594F3009A0D34 /* LeaguesGroupCell.swift */; };
		45435E0127459D0A009A0D34 /* SectionHeader.swift in Sources */ = {isa = PBXBuildFile; fileRef = 45435E0027459D0A009A0D34 /* SectionHeader.swift */; };
		45435E0327459D5C009A0D34 /* FeaturedCell.swift in Sources */ = {isa = PBXBuildFile; fileRef = 45435E0227459D5C009A0D34 /* FeaturedCell.swift */; };
		45435E0527459D9E009A0D34 /* App.swift in Sources */ = {isa = PBXBuildFile; fileRef = 45435E0427459D9E009A0D34 /* App.swift */; };
		45435E0727459E28009A0D34 /* appstore.json in Resources */ = {isa = PBXBuildFile; fileRef = 45435E0627459E27009A0D34 /* appstore.json */; };
		45435E0927459E63009A0D34 /* Section.swift in Sources */ = {isa = PBXBuildFile; fileRef = 45435E0827459E63009A0D34 /* Section.swift */; };
		45435E0C27459F1A009A0D34 /* Bundle+decode.swift in Sources */ = {isa = PBXBuildFile; fileRef = 45435E0B27459F1A009A0D34 /* Bundle+decode.swift */; };
		45435E0E2745A24F009A0D34 /* MediumTableCell.swift in Sources */ = {isa = PBXBuildFile; fileRef = 45435E0D2745A24F009A0D34 /* MediumTableCell.swift */; };
		45435E102745A272009A0D34 /* SmallTableCell.swift in Sources */ = {isa = PBXBuildFile; fileRef = 45435E0F2745A272009A0D34 /* SmallTableCell.swift */; };
		4570042D27426DCB00824F47 /* AppDelegate.swift in Sources */ = {isa = PBXBuildFile; fileRef = 4570042C27426DCB00824F47 /* AppDelegate.swift */; };
		4570042F27426DCB00824F47 /* SceneDelegate.swift in Sources */ = {isa = PBXBuildFile; fileRef = 4570042E27426DCB00824F47 /* SceneDelegate.swift */; };
		4570043627426DCD00824F47 /* Assets.xcassets in Resources */ = {isa = PBXBuildFile; fileRef = 4570043527426DCD00824F47 /* Assets.xcassets */; };
		4570043927426DCD00824F47 /* LaunchScreen.storyboard in Resources */ = {isa = PBXBuildFile; fileRef = 4570043727426DCD00824F47 /* LaunchScreen.storyboard */; };
		4575E6FF27443A27008896FF /* LeaguesViewController.swift in Sources */ = {isa = PBXBuildFile; fileRef = 4575E6FE27443A27008896FF /* LeaguesViewController.swift */; };
		4575E70127443A3F008896FF /* FavoritesViewController.swift in Sources */ = {isa = PBXBuildFile; fileRef = 4575E70027443A3F008896FF /* FavoritesViewController.swift */; };
		4575E70327444162008896FF /* FavoritesConfigurator.swift in Sources */ = {isa = PBXBuildFile; fileRef = 4575E70227444162008896FF /* FavoritesConfigurator.swift */; };
		4575E70527444175008896FF /* LeaguesConfigurator.swift in Sources */ = {isa = PBXBuildFile; fileRef = 4575E70427444175008896FF /* LeaguesConfigurator.swift */; };
		4575E7072744419D008896FF /* LeaguesInteractor.swift in Sources */ = {isa = PBXBuildFile; fileRef = 4575E7062744419D008896FF /* LeaguesInteractor.swift */; };
		4575E709274441AF008896FF /* FavoritesInteractor.swift in Sources */ = {isa = PBXBuildFile; fileRef = 4575E708274441AF008896FF /* FavoritesInteractor.swift */; };
		4575E70B274441E2008896FF /* FavoritesPresenter.swift in Sources */ = {isa = PBXBuildFile; fileRef = 4575E70A274441E2008896FF /* FavoritesPresenter.swift */; };
		4575E70D274441F1008896FF /* LeaguesPresenter.swift in Sources */ = {isa = PBXBuildFile; fileRef = 4575E70C274441F1008896FF /* LeaguesPresenter.swift */; };
		4575E70F2744421D008896FF /* LeaguesRouter.swift in Sources */ = {isa = PBXBuildFile; fileRef = 4575E70E2744421D008896FF /* LeaguesRouter.swift */; };
		4575E71127444235008896FF /* FavoritesRouter.swift in Sources */ = {isa = PBXBuildFile; fileRef = 4575E71027444235008896FF /* FavoritesRouter.swift */; };
		45D8E2FD27437AD8008C2136 /* TabBarViewController.swift in Sources */ = {isa = PBXBuildFile; fileRef = 45D8E2FC27437AD8008C2136 /* TabBarViewController.swift */; };
		45D8E30327439B1F008C2136 /* Consts.swift in Sources */ = {isa = PBXBuildFile; fileRef = 45D8E30227439B1F008C2136 /* Consts.swift */; };
		45FD3A952743EE150033C68C /* NetworkService.swift in Sources */ = {isa = PBXBuildFile; fileRef = 45FD3A942743EE150033C68C /* NetworkService.swift */; };
/* End PBXBuildFile section */

/* Begin PBXFileReference section */
		45435DFC274592E9009A0D34 /* LeaguesHorizontalController.swift */ = {isa = PBXFileReference; lastKnownFileType = sourcecode.swift; path = LeaguesHorizontalController.swift; sourceTree = "<group>"; };
		45435DFE274594F3009A0D34 /* LeaguesGroupCell.swift */ = {isa = PBXFileReference; lastKnownFileType = sourcecode.swift; path = LeaguesGroupCell.swift; sourceTree = "<group>"; };
		45435E0027459D0A009A0D34 /* SectionHeader.swift */ = {isa = PBXFileReference; lastKnownFileType = sourcecode.swift; path = SectionHeader.swift; sourceTree = "<group>"; };
		45435E0227459D5C009A0D34 /* FeaturedCell.swift */ = {isa = PBXFileReference; lastKnownFileType = sourcecode.swift; path = FeaturedCell.swift; sourceTree = "<group>"; };
		45435E0427459D9E009A0D34 /* App.swift */ = {isa = PBXFileReference; lastKnownFileType = sourcecode.swift; path = App.swift; sourceTree = "<group>"; };
		45435E0627459E27009A0D34 /* appstore.json */ = {isa = PBXFileReference; fileEncoding = 4; lastKnownFileType = text.json; path = appstore.json; sourceTree = "<group>"; };
		45435E0827459E63009A0D34 /* Section.swift */ = {isa = PBXFileReference; lastKnownFileType = sourcecode.swift; path = Section.swift; sourceTree = "<group>"; };
		45435E0B27459F1A009A0D34 /* Bundle+decode.swift */ = {isa = PBXFileReference; lastKnownFileType = sourcecode.swift; path = "Bundle+decode.swift"; sourceTree = "<group>"; };
		45435E0D2745A24F009A0D34 /* MediumTableCell.swift */ = {isa = PBXFileReference; lastKnownFileType = sourcecode.swift; path = MediumTableCell.swift; sourceTree = "<group>"; };
		45435E0F2745A272009A0D34 /* SmallTableCell.swift */ = {isa = PBXFileReference; lastKnownFileType = sourcecode.swift; path = SmallTableCell.swift; sourceTree = "<group>"; };
		4570042927426DCB00824F47 /* Lapapp.app */ = {isa = PBXFileReference; explicitFileType = wrapper.application; includeInIndex = 0; path = Lapapp.app; sourceTree = BUILT_PRODUCTS_DIR; };
		4570042C27426DCB00824F47 /* AppDelegate.swift */ = {isa = PBXFileReference; lastKnownFileType = sourcecode.swift; path = AppDelegate.swift; sourceTree = "<group>"; };
		4570042E27426DCB00824F47 /* SceneDelegate.swift */ = {isa = PBXFileReference; lastKnownFileType = sourcecode.swift; path = SceneDelegate.swift; sourceTree = "<group>"; };
		4570043527426DCD00824F47 /* Assets.xcassets */ = {isa = PBXFileReference; lastKnownFileType = folder.assetcatalog; path = Assets.xcassets; sourceTree = "<group>"; };
		4570043827426DCD00824F47 /* Base */ = {isa = PBXFileReference; lastKnownFileType = file.storyboard; name = Base; path = Base.lproj/LaunchScreen.storyboard; sourceTree = "<group>"; };
		4570043A27426DCD00824F47 /* Info.plist */ = {isa = PBXFileReference; lastKnownFileType = text.plist.xml; path = Info.plist; sourceTree = "<group>"; };
		4575E6FE27443A27008896FF /* LeaguesViewController.swift */ = {isa = PBXFileReference; lastKnownFileType = sourcecode.swift; path = LeaguesViewController.swift; sourceTree = "<group>"; };
		4575E70027443A3F008896FF /* FavoritesViewController.swift */ = {isa = PBXFileReference; lastKnownFileType = sourcecode.swift; path = FavoritesViewController.swift; sourceTree = "<group>"; };
		4575E70227444162008896FF /* FavoritesConfigurator.swift */ = {isa = PBXFileReference; lastKnownFileType = sourcecode.swift; path = FavoritesConfigurator.swift; sourceTree = "<group>"; };
		4575E70427444175008896FF /* LeaguesConfigurator.swift */ = {isa = PBXFileReference; lastKnownFileType = sourcecode.swift; path = LeaguesConfigurator.swift; sourceTree = "<group>"; };
		4575E7062744419D008896FF /* LeaguesInteractor.swift */ = {isa = PBXFileReference; lastKnownFileType = sourcecode.swift; path = LeaguesInteractor.swift; sourceTree = "<group>"; };
		4575E708274441AF008896FF /* FavoritesInteractor.swift */ = {isa = PBXFileReference; lastKnownFileType = sourcecode.swift; path = FavoritesInteractor.swift; sourceTree = "<group>"; };
		4575E70A274441E2008896FF /* FavoritesPresenter.swift */ = {isa = PBXFileReference; lastKnownFileType = sourcecode.swift; path = FavoritesPresenter.swift; sourceTree = "<group>"; };
		4575E70C274441F1008896FF /* LeaguesPresenter.swift */ = {isa = PBXFileReference; lastKnownFileType = sourcecode.swift; path = LeaguesPresenter.swift; sourceTree = "<group>"; };
		4575E70E2744421D008896FF /* LeaguesRouter.swift */ = {isa = PBXFileReference; lastKnownFileType = sourcecode.swift; path = LeaguesRouter.swift; sourceTree = "<group>"; };
		4575E71027444235008896FF /* FavoritesRouter.swift */ = {isa = PBXFileReference; lastKnownFileType = sourcecode.swift; path = FavoritesRouter.swift; sourceTree = "<group>"; };
		45D8E2FC27437AD8008C2136 /* TabBarViewController.swift */ = {isa = PBXFileReference; lastKnownFileType = sourcecode.swift; path = TabBarViewController.swift; sourceTree = "<group>"; };
		45D8E30227439B1F008C2136 /* Consts.swift */ = {isa = PBXFileReference; lastKnownFileType = sourcecode.swift; path = Consts.swift; sourceTree = "<group>"; };
		45FD3A942743EE150033C68C /* NetworkService.swift */ = {isa = PBXFileReference; lastKnownFileType = sourcecode.swift; path = NetworkService.swift; sourceTree = "<group>"; };
/* End PBXFileReference section */

/* Begin PBXFrameworksBuildPhase section */
		4570042627426DCB00824F47 /* Frameworks */ = {
			isa = PBXFrameworksBuildPhase;
			buildActionMask = 2147483647;
			files = (
			);
			runOnlyForDeploymentPostprocessing = 0;
		};
/* End PBXFrameworksBuildPhase section */

/* Begin PBXGroup section */
		45435DFB274590AB009A0D34 /* Cells */ = {
			isa = PBXGroup;
			children = (
				45435DFE274594F3009A0D34 /* LeaguesGroupCell.swift */,
				45435E0627459E27009A0D34 /* appstore.json */,
				45435E0027459D0A009A0D34 /* SectionHeader.swift */,
				45435E0227459D5C009A0D34 /* FeaturedCell.swift */,
				45435E0427459D9E009A0D34 /* App.swift */,
				45435E0827459E63009A0D34 /* Section.swift */,
				45435E0D2745A24F009A0D34 /* MediumTableCell.swift */,
				45435E0F2745A272009A0D34 /* SmallTableCell.swift */,
			);
			path = Cells;
			sourceTree = "<group>";
		};
		45435E0A27459EB2009A0D34 /* Extention */ = {
			isa = PBXGroup;
			children = (
				45435E0B27459F1A009A0D34 /* Bundle+decode.swift */,
			);
			path = Extention;
			sourceTree = "<group>";
		};
		45435E112745AA56009A0D34 /* Networking */ = {
			isa = PBXGroup;
			children = (
			);
			path = Networking;
			sourceTree = "<group>";
		};
		4570042027426DCB00824F47 = {
			isa = PBXGroup;
			children = (
				4570042B27426DCB00824F47 /* Lapapp */,
				4570042A27426DCB00824F47 /* Products */,
			);
			sourceTree = "<group>";
		};
		4570042A27426DCB00824F47 /* Products */ = {
			isa = PBXGroup;
			children = (
				4570042927426DCB00824F47 /* Lapapp.app */,
			);
			name = Products;
			sourceTree = "<group>";
		};
		4570042B27426DCB00824F47 /* Lapapp */ = {
			isa = PBXGroup;
			children = (
				45435E0A27459EB2009A0D34 /* Extention */,
				4570043A27426DCD00824F47 /* Info.plist */,
				45D8E30027439281008C2136 /* Default */,
				45FD3A932743E86D0033C68C /* Services */,
				45D8E30127439AB8008C2136 /* Common */,
				45FD3A962743EF020033C68C /* Models */,
				45D8E2FF27438E4B008C2136 /* Modules */,
			);
			path = Lapapp;
			sourceTree = "<group>";
		};
		4575E6FC274439BA008896FF /* Leagues */ = {
			isa = PBXGroup;
			children = (
				45435DFB274590AB009A0D34 /* Cells */,
				4575E6FE27443A27008896FF /* LeaguesViewController.swift */,
				45435DFC274592E9009A0D34 /* LeaguesHorizontalController.swift */,
				4575E70427444175008896FF /* LeaguesConfigurator.swift */,
				4575E70C274441F1008896FF /* LeaguesPresenter.swift */,
				4575E7062744419D008896FF /* LeaguesInteractor.swift */,
				4575E70E2744421D008896FF /* LeaguesRouter.swift */,
			);
			path = Leagues;
			sourceTree = "<group>";
		};
		4575E6FD274439C4008896FF /* Favorites */ = {
			isa = PBXGroup;
			children = (
				4575E70027443A3F008896FF /* FavoritesViewController.swift */,
				4575E70227444162008896FF /* FavoritesConfigurator.swift */,
				4575E708274441AF008896FF /* FavoritesInteractor.swift */,
				4575E70A274441E2008896FF /* FavoritesPresenter.swift */,
				4575E71027444235008896FF /* FavoritesRouter.swift */,
			);
			path = Favorites;
			sourceTree = "<group>";
		};
		45D8E2FE27438D40008C2136 /* Resources */ = {
			isa = PBXGroup;
			children = (
				4570043527426DCD00824F47 /* Assets.xcassets */,
			);
			path = Resources;
			sourceTree = "<group>";
		};
		45D8E2FF27438E4B008C2136 /* Modules */ = {
			isa = PBXGroup;
			children = (
				4575E6FC274439BA008896FF /* Leagues */,
				4575E6FD274439C4008896FF /* Favorites */,
			);
			path = Modules;
			sourceTree = "<group>";
		};
		45D8E30027439281008C2136 /* Default */ = {
			isa = PBXGroup;
			children = (
				45D8E2FE27438D40008C2136 /* Resources */,
				4570043727426DCD00824F47 /* LaunchScreen.storyboard */,
				4570042C27426DCB00824F47 /* AppDelegate.swift */,
				4570042E27426DCB00824F47 /* SceneDelegate.swift */,
				45D8E2FC27437AD8008C2136 /* TabBarViewController.swift */,
			);
			path = Default;
			sourceTree = "<group>";
		};
		45D8E30127439AB8008C2136 /* Common */ = {
			isa = PBXGroup;
			children = (
				45D8E30227439B1F008C2136 /* Consts.swift */,
			);
			path = Common;
			sourceTree = "<group>";
		};
		45FD3A932743E86D0033C68C /* Services */ = {
			isa = PBXGroup;
			children = (
				45435E112745AA56009A0D34 /* Networking */,
				45FD3A942743EE150033C68C /* NetworkService.swift */,
			);
			path = Services;
			sourceTree = "<group>";
		};
		45FD3A962743EF020033C68C /* Models */ = {
			isa = PBXGroup;
			children = (
			);
			path = Models;
			sourceTree = "<group>";
		};
/* End PBXGroup section */

/* Begin PBXNativeTarget section */
		4570042827426DCB00824F47 /* Lapapp */ = {
			isa = PBXNativeTarget;
			buildConfigurationList = 4570043D27426DCD00824F47 /* Build configuration list for PBXNativeTarget "Lapapp" */;
			buildPhases = (
				4570042527426DCB00824F47 /* Sources */,
				4570042627426DCB00824F47 /* Frameworks */,
				4570042727426DCB00824F47 /* Resources */,
			);
			buildRules = (
			);
			dependencies = (
			);
			name = Lapapp;
			productName = Lapapp;
			productReference = 4570042927426DCB00824F47 /* Lapapp.app */;
			productType = "com.apple.product-type.application";
		};
/* End PBXNativeTarget section */

/* Begin PBXProject section */
		4570042127426DCB00824F47 /* Project object */ = {
			isa = PBXProject;
			attributes = {
				BuildIndependentTargetsInParallel = 1;
				LastSwiftUpdateCheck = 1300;
				LastUpgradeCheck = 1300;
				TargetAttributes = {
					4570042827426DCB00824F47 = {
						CreatedOnToolsVersion = 13.0;
					};
				};
			};
			buildConfigurationList = 4570042427426DCB00824F47 /* Build configuration list for PBXProject "Lapapp" */;
			compatibilityVersion = "Xcode 13.0";
			developmentRegion = en;
			hasScannedForEncodings = 0;
			knownRegions = (
				en,
				Base,
			);
			mainGroup = 4570042027426DCB00824F47;
			productRefGroup = 4570042A27426DCB00824F47 /* Products */;
			projectDirPath = "";
			projectRoot = "";
			targets = (
				4570042827426DCB00824F47 /* Lapapp */,
			);
		};
/* End PBXProject section */

/* Begin PBXResourcesBuildPhase section */
		4570042727426DCB00824F47 /* Resources */ = {
			isa = PBXResourcesBuildPhase;
			buildActionMask = 2147483647;
			files = (
				4570043927426DCD00824F47 /* LaunchScreen.storyboard in Resources */,
				45435E0727459E28009A0D34 /* appstore.json in Resources */,
				4570043627426DCD00824F47 /* Assets.xcassets in Resources */,
			);
			runOnlyForDeploymentPostprocessing = 0;
		};
/* End PBXResourcesBuildPhase section */

/* Begin PBXSourcesBuildPhase section */
		4570042527426DCB00824F47 /* Sources */ = {
			isa = PBXSourcesBuildPhase;
			buildActionMask = 2147483647;
			files = (
				45435DFD274592EA009A0D34 /* LeaguesHorizontalController.swift in Sources */,
				4575E71127444235008896FF /* FavoritesRouter.swift in Sources */,
				45D8E2FD27437AD8008C2136 /* TabBarViewController.swift in Sources */,
				45435E0927459E63009A0D34 /* Section.swift in Sources */,
				4575E7072744419D008896FF /* LeaguesInteractor.swift in Sources */,
				4575E70B274441E2008896FF /* FavoritesPresenter.swift in Sources */,
				45435E0327459D5C009A0D34 /* FeaturedCell.swift in Sources */,
				4575E70527444175008896FF /* LeaguesConfigurator.swift in Sources */,
				45435E102745A272009A0D34 /* SmallTableCell.swift in Sources */,
				45D8E30327439B1F008C2136 /* Consts.swift in Sources */,
				4575E70127443A3F008896FF /* FavoritesViewController.swift in Sources */,
				4575E70D274441F1008896FF /* LeaguesPresenter.swift in Sources */,
				4570042D27426DCB00824F47 /* AppDelegate.swift in Sources */,
				4575E70327444162008896FF /* FavoritesConfigurator.swift in Sources */,
				45435E0C27459F1A009A0D34 /* Bundle+decode.swift in Sources */,
				4575E70F2744421D008896FF /* LeaguesRouter.swift in Sources */,
				45435E0527459D9E009A0D34 /* App.swift in Sources */,
				45FD3A952743EE150033C68C /* NetworkService.swift in Sources */,
				45435DFF274594F3009A0D34 /* LeaguesGroupCell.swift in Sources */,
				45435E0127459D0A009A0D34 /* SectionHeader.swift in Sources */,
				45435E0E2745A24F009A0D34 /* MediumTableCell.swift in Sources */,
				4570042F27426DCB00824F47 /* SceneDelegate.swift in Sources */,
				4575E6FF27443A27008896FF /* LeaguesViewController.swift in Sources */,
				4575E709274441AF008896FF /* FavoritesInteractor.swift in Sources */,
			);
			runOnlyForDeploymentPostprocessing = 0;
		};
/* End PBXSourcesBuildPhase section */

/* Begin PBXVariantGroup section */
		4570043727426DCD00824F47 /* LaunchScreen.storyboard */ = {
			isa = PBXVariantGroup;
			children = (
				4570043827426DCD00824F47 /* Base */,
			);
			name = LaunchScreen.storyboard;
			sourceTree = "<group>";
		};
/* End PBXVariantGroup section */

/* Begin XCBuildConfiguration section */
		4570043B27426DCD00824F47 /* Debug */ = {
			isa = XCBuildConfiguration;
			buildSettings = {
				ALWAYS_SEARCH_USER_PATHS = NO;
				CLANG_ANALYZER_NONNULL = YES;
				CLANG_ANALYZER_NUMBER_OBJECT_CONVERSION = YES_AGGRESSIVE;
				CLANG_CXX_LANGUAGE_STANDARD = "gnu++17";
				CLANG_CXX_LIBRARY = "libc++";
				CLANG_ENABLE_MODULES = YES;
				CLANG_ENABLE_OBJC_ARC = YES;
				CLANG_ENABLE_OBJC_WEAK = YES;
				CLANG_WARN_BLOCK_CAPTURE_AUTORELEASING = YES;
				CLANG_WARN_BOOL_CONVERSION = YES;
				CLANG_WARN_COMMA = YES;
				CLANG_WARN_CONSTANT_CONVERSION = YES;
				CLANG_WARN_DEPRECATED_OBJC_IMPLEMENTATIONS = YES;
				CLANG_WARN_DIRECT_OBJC_ISA_USAGE = YES_ERROR;
				CLANG_WARN_DOCUMENTATION_COMMENTS = YES;
				CLANG_WARN_EMPTY_BODY = YES;
				CLANG_WARN_ENUM_CONVERSION = YES;
				CLANG_WARN_INFINITE_RECURSION = YES;
				CLANG_WARN_INT_CONVERSION = YES;
				CLANG_WARN_NON_LITERAL_NULL_CONVERSION = YES;
				CLANG_WARN_OBJC_IMPLICIT_RETAIN_SELF = YES;
				CLANG_WARN_OBJC_LITERAL_CONVERSION = YES;
				CLANG_WARN_OBJC_ROOT_CLASS = YES_ERROR;
				CLANG_WARN_QUOTED_INCLUDE_IN_FRAMEWORK_HEADER = YES;
				CLANG_WARN_RANGE_LOOP_ANALYSIS = YES;
				CLANG_WARN_STRICT_PROTOTYPES = YES;
				CLANG_WARN_SUSPICIOUS_MOVE = YES;
				CLANG_WARN_UNGUARDED_AVAILABILITY = YES_AGGRESSIVE;
				CLANG_WARN_UNREACHABLE_CODE = YES;
				CLANG_WARN__DUPLICATE_METHOD_MATCH = YES;
				COPY_PHASE_STRIP = NO;
				DEBUG_INFORMATION_FORMAT = dwarf;
				ENABLE_STRICT_OBJC_MSGSEND = YES;
				ENABLE_TESTABILITY = YES;
				GCC_C_LANGUAGE_STANDARD = gnu11;
				GCC_DYNAMIC_NO_PIC = NO;
				GCC_NO_COMMON_BLOCKS = YES;
				GCC_OPTIMIZATION_LEVEL = 0;
				GCC_PREPROCESSOR_DEFINITIONS = (
					"DEBUG=1",
					"$(inherited)",
				);
				GCC_WARN_64_TO_32_BIT_CONVERSION = YES;
				GCC_WARN_ABOUT_RETURN_TYPE = YES_ERROR;
				GCC_WARN_UNDECLARED_SELECTOR = YES;
				GCC_WARN_UNINITIALIZED_AUTOS = YES_AGGRESSIVE;
				GCC_WARN_UNUSED_FUNCTION = YES;
				GCC_WARN_UNUSED_VARIABLE = YES;
				IPHONEOS_DEPLOYMENT_TARGET = 13.0;
				MTL_ENABLE_DEBUG_INFO = INCLUDE_SOURCE;
				MTL_FAST_MATH = YES;
				ONLY_ACTIVE_ARCH = YES;
				SDKROOT = iphoneos;
				SWIFT_ACTIVE_COMPILATION_CONDITIONS = DEBUG;
				SWIFT_OPTIMIZATION_LEVEL = "-Onone";
			};
			name = Debug;
		};
		4570043C27426DCD00824F47 /* Release */ = {
			isa = XCBuildConfiguration;
			buildSettings = {
				ALWAYS_SEARCH_USER_PATHS = NO;
				CLANG_ANALYZER_NONNULL = YES;
				CLANG_ANALYZER_NUMBER_OBJECT_CONVERSION = YES_AGGRESSIVE;
				CLANG_CXX_LANGUAGE_STANDARD = "gnu++17";
				CLANG_CXX_LIBRARY = "libc++";
				CLANG_ENABLE_MODULES = YES;
				CLANG_ENABLE_OBJC_ARC = YES;
				CLANG_ENABLE_OBJC_WEAK = YES;
				CLANG_WARN_BLOCK_CAPTURE_AUTORELEASING = YES;
				CLANG_WARN_BOOL_CONVERSION = YES;
				CLANG_WARN_COMMA = YES;
				CLANG_WARN_CONSTANT_CONVERSION = YES;
				CLANG_WARN_DEPRECATED_OBJC_IMPLEMENTATIONS = YES;
				CLANG_WARN_DIRECT_OBJC_ISA_USAGE = YES_ERROR;
				CLANG_WARN_DOCUMENTATION_COMMENTS = YES;
				CLANG_WARN_EMPTY_BODY = YES;
				CLANG_WARN_ENUM_CONVERSION = YES;
				CLANG_WARN_INFINITE_RECURSION = YES;
				CLANG_WARN_INT_CONVERSION = YES;
				CLANG_WARN_NON_LITERAL_NULL_CONVERSION = YES;
				CLANG_WARN_OBJC_IMPLICIT_RETAIN_SELF = YES;
				CLANG_WARN_OBJC_LITERAL_CONVERSION = YES;
				CLANG_WARN_OBJC_ROOT_CLASS = YES_ERROR;
				CLANG_WARN_QUOTED_INCLUDE_IN_FRAMEWORK_HEADER = YES;
				CLANG_WARN_RANGE_LOOP_ANALYSIS = YES;
				CLANG_WARN_STRICT_PROTOTYPES = YES;
				CLANG_WARN_SUSPICIOUS_MOVE = YES;
				CLANG_WARN_UNGUARDED_AVAILABILITY = YES_AGGRESSIVE;
				CLANG_WARN_UNREACHABLE_CODE = YES;
				CLANG_WARN__DUPLICATE_METHOD_MATCH = YES;
				COPY_PHASE_STRIP = NO;
				DEBUG_INFORMATION_FORMAT = "dwarf-with-dsym";
				ENABLE_NS_ASSERTIONS = NO;
				ENABLE_STRICT_OBJC_MSGSEND = YES;
				GCC_C_LANGUAGE_STANDARD = gnu11;
				GCC_NO_COMMON_BLOCKS = YES;
				GCC_WARN_64_TO_32_BIT_CONVERSION = YES;
				GCC_WARN_ABOUT_RETURN_TYPE = YES_ERROR;
				GCC_WARN_UNDECLARED_SELECTOR = YES;
				GCC_WARN_UNINITIALIZED_AUTOS = YES_AGGRESSIVE;
				GCC_WARN_UNUSED_FUNCTION = YES;
				GCC_WARN_UNUSED_VARIABLE = YES;
				IPHONEOS_DEPLOYMENT_TARGET = 13.0;
				MTL_ENABLE_DEBUG_INFO = NO;
				MTL_FAST_MATH = YES;
				SDKROOT = iphoneos;
				SWIFT_COMPILATION_MODE = wholemodule;
				SWIFT_OPTIMIZATION_LEVEL = "-O";
				VALIDATE_PRODUCT = YES;
			};
			name = Release;
		};
		4570043E27426DCD00824F47 /* Debug */ = {
			isa = XCBuildConfiguration;
			buildSettings = {
				ASSETCATALOG_COMPILER_APPICON_NAME = AppIcon;
				ASSETCATALOG_COMPILER_GLOBAL_ACCENT_COLOR_NAME = AccentColor;
				CODE_SIGN_STYLE = Automatic;
				CURRENT_PROJECT_VERSION = 1;
				DEVELOPMENT_TEAM = 88GGD7677D;
				GENERATE_INFOPLIST_FILE = YES;
				INFOPLIST_FILE = Lapapp/Info.plist;
				INFOPLIST_KEY_UIApplicationSupportsIndirectInputEvents = YES;
				INFOPLIST_KEY_UILaunchStoryboardName = LaunchScreen;
				INFOPLIST_KEY_UISupportedInterfaceOrientations_iPad = "UIInterfaceOrientationPortrait UIInterfaceOrientationPortraitUpsideDown UIInterfaceOrientationLandscapeLeft UIInterfaceOrientationLandscapeRight";
				INFOPLIST_KEY_UISupportedInterfaceOrientations_iPhone = "UIInterfaceOrientationPortrait UIInterfaceOrientationLandscapeLeft UIInterfaceOrientationLandscapeRight";
				IPHONEOS_DEPLOYMENT_TARGET = 13.0;
				LD_RUNPATH_SEARCH_PATHS = (
					"$(inherited)",
					"@executable_path/Frameworks",
				);
				MARKETING_VERSION = 1.0;
				PRODUCT_BUNDLE_IDENTIFIER = com.borisbolsh.Lapapp;
				PRODUCT_NAME = "$(TARGET_NAME)";
				SWIFT_EMIT_LOC_STRINGS = YES;
				SWIFT_VERSION = 5.0;
				TARGETED_DEVICE_FAMILY = 1;
			};
			name = Debug;
		};
		4570043F27426DCD00824F47 /* Release */ = {
			isa = XCBuildConfiguration;
			buildSettings = {
				ASSETCATALOG_COMPILER_APPICON_NAME = AppIcon;
				ASSETCATALOG_COMPILER_GLOBAL_ACCENT_COLOR_NAME = AccentColor;
				CODE_SIGN_STYLE = Automatic;
				CURRENT_PROJECT_VERSION = 1;
				DEVELOPMENT_TEAM = 88GGD7677D;
				GENERATE_INFOPLIST_FILE = YES;
				INFOPLIST_FILE = Lapapp/Info.plist;
				INFOPLIST_KEY_UIApplicationSupportsIndirectInputEvents = YES;
				INFOPLIST_KEY_UILaunchStoryboardName = LaunchScreen;
				INFOPLIST_KEY_UISupportedInterfaceOrientations_iPad = "UIInterfaceOrientationPortrait UIInterfaceOrientationPortraitUpsideDown UIInterfaceOrientationLandscapeLeft UIInterfaceOrientationLandscapeRight";
				INFOPLIST_KEY_UISupportedInterfaceOrientations_iPhone = "UIInterfaceOrientationPortrait UIInterfaceOrientationLandscapeLeft UIInterfaceOrientationLandscapeRight";
				IPHONEOS_DEPLOYMENT_TARGET = 13.0;
				LD_RUNPATH_SEARCH_PATHS = (
					"$(inherited)",
					"@executable_path/Frameworks",
				);
				MARKETING_VERSION = 1.0;
				PRODUCT_BUNDLE_IDENTIFIER = com.borisbolsh.Lapapp;
				PRODUCT_NAME = "$(TARGET_NAME)";
				SWIFT_EMIT_LOC_STRINGS = YES;
				SWIFT_VERSION = 5.0;
				TARGETED_DEVICE_FAMILY = 1;
			};
			name = Release;
		};
/* End XCBuildConfiguration section */

/* Begin XCConfigurationList section */
		4570042427426DCB00824F47 /* Build configuration list for PBXProject "Lapapp" */ = {
			isa = XCConfigurationList;
			buildConfigurations = (
				4570043B27426DCD00824F47 /* Debug */,
				4570043C27426DCD00824F47 /* Release */,
			);
			defaultConfigurationIsVisible = 0;
			defaultConfigurationName = Release;
		};
		4570043D27426DCD00824F47 /* Build configuration list for PBXNativeTarget "Lapapp" */ = {
			isa = XCConfigurationList;
			buildConfigurations = (
				4570043E27426DCD00824F47 /* Debug */,
				4570043F27426DCD00824F47 /* Release */,
			);
			defaultConfigurationIsVisible = 0;
			defaultConfigurationName = Release;
		};
/* End XCConfigurationList section */
	};
	rootObject = 4570042127426DCB00824F47 /* Project object */;
}
